# This file is automatically @generated by Cargo.
# It is not intended for manual editing.
version = 3

[[package]]
name = "gen-iter"
version = "0.2.1"
source = "registry+https://github.com/rust-lang/crates.io-index"
checksum = "1668ac3c7b8cc5f1e31565ed509d8d70aa1a81bd7f508b620725b78c6e1d7049"

[[package]]
name = "project_euler"
version = "0.1.0"
dependencies = [
 "gen-iter",
]
